<?xml version="1.0" encoding="utf-8"?>
<Project ToolsVersion="4.0" xmlns="http://schemas.microsoft.com/developer/msbuild/2003">
  <ItemGroup>
    <Filter Include="Core">
      <UniqueIdentifier>{10ff2546-1144-4fd2-aed0-39711a97572d}</UniqueIdentifier>
    </Filter>
    <Filter Include="Libraries">
      <UniqueIdentifier>{5be9e48e-c0ef-4621-91bc-29ccf02de743}</UniqueIdentifier>
    </Filter>
    <Filter Include="Resources">
      <UniqueIdentifier>{b77b0055-ef49-4c7a-a5ff-c051ad730a47}</UniqueIdentifier>
    </Filter>
    <Filter Include="Core\Platforms">
      <UniqueIdentifier>{149404c7-f57a-4e56-bd35-1a8d46d0a1b4}</UniqueIdentifier>
    </Filter>
    <Filter Include="Core\Platforms\Windows">
      <UniqueIdentifier>{13a7c4a3-56b9-4278-9854-8fc9e8f64b78}</UniqueIdentifier>
    </Filter>
    <Filter Include="Core\Platforms\Windows\D3D12">
      <UniqueIdentifier>{4acdbe75-ba74-487e-8f68-39930407b67d}</UniqueIdentifier>
    </Filter>
    <Filter Include="Core\Platforms\Vulkan">
      <UniqueIdentifier>{03de4b8b-26b4-419a-ab4a-a030f59cbd0a}</UniqueIdentifier>
    </Filter>
    <Filter Include="Core\Platforms\Meta">
      <UniqueIdentifier>{f7e47ec5-0adb-418f-9f9d-dd1dd1cc31ad}</UniqueIdentifier>
    </Filter>
    <Filter Include="Utilities">
      <UniqueIdentifier>{80b80bb2-e5ef-4803-afe9-f48ad7332a6b}</UniqueIdentifier>
    </Filter>
    <Filter Include="Input">
      <UniqueIdentifier>{36ba56f5-f339-4941-bb50-e406b08b5587}</UniqueIdentifier>
    </Filter>
    <Filter Include="Rendering">
      <UniqueIdentifier>{c493b85c-369e-41dc-94f4-7b3e4dd5a83e}</UniqueIdentifier>
    </Filter>
  </ItemGroup>
  <ItemGroup>
    <ClInclude Include="inc\SimpleMath.h">
      <Filter>Libraries</Filter>
    </ClInclude>
    <ClInclude Include="src\GraphicsDeviceBase.h">
      <Filter>Core</Filter>
    </ClInclude>
    <ClInclude Include="src\MathTypes.h">
      <Filter>Core</Filter>
    </ClInclude>
    <ClInclude Include="src\WindowBase.h">
      <Filter>Core</Filter>
    </ClInclude>
    <ClInclude Include="src\WindowWin32.h">
      <Filter>Core\Platforms\Windows</Filter>
    </ClInclude>
    <ClInclude Include="src\GraphicsDeviceVulkan.h">
      <Filter>Core\Platforms\Vulkan</Filter>
    </ClInclude>
    <ClInclude Include="src\VulkanShader.h">
      <Filter>Core\Platforms\Vulkan</Filter>
    </ClInclude>
    <ClInclude Include="src\GraphicsUtility.h">
      <Filter>Core</Filter>
    </ClInclude>
    <ClInclude Include="src\GraphicsDeviceMulti.h">
      <Filter>Core\Platforms\Meta</Filter>
    </ClInclude>
    <ClInclude Include="src\FBXImport.h">
      <Filter>Utilities</Filter>
    </ClInclude>
    <ClInclude Include="src\Geometry.h">
      <Filter>Utilities</Filter>
    </ClInclude>
    <ClInclude Include="src\Input.h">
      <Filter>Input</Filter>
    </ClInclude>
    <ClInclude Include="src\InputDispatcher.h">
      <Filter>Input</Filter>
    </ClInclude>
    <ClInclude Include="src\Delegate.h">
      <Filter>Utilities</Filter>
    </ClInclude>
    <ClInclude Include="src\Mesh.h">
      <Filter>Resources</Filter>
    </ClInclude>
    <ClInclude Include="src\Model.h">
      <Filter>Resources</Filter>
    </ClInclude>
    <ClInclude Include="src\Resources.h">
      <Filter>Resources</Filter>
    </ClInclude>
    <ClInclude Include="src\Shader.h">
      <Filter>Resources</Filter>
    </ClInclude>
    <ClInclude Include="src\Texture.h">
      <Filter>Resources</Filter>
    </ClInclude>
    <ClInclude Include="src\Material.h">
      <Filter>Resources</Filter>
    </ClInclude>
    <ClInclude Include="src\ResourceLoader.h">
      <Filter>Resources</Filter>
    </ClInclude>
    <ClInclude Include="src\D3DGraphicsDevice.h">
      <Filter>Core\Platforms\Windows\D3D12</Filter>
    </ClInclude>
    <ClInclude Include="src\D3DShader.h">
      <Filter>Core\Platforms\Windows\D3D12</Filter>
    </ClInclude>
    <ClInclude Include="src\GraphicsDeviceD3D12.h">
      <Filter>Core\Platforms\Windows\D3D12</Filter>
    </ClInclude>
    <ClInclude Include="src\D3DResourceCache.h">
      <Filter>Core\Platforms\Windows\D3D12</Filter>
    </ClInclude>
    <ClInclude Include="src\GraphicsBuffer.h">
      <Filter>Core</Filter>
    </ClInclude>
    <ClInclude Include="src\Containers.h">
      <Filter>Core</Filter>
    </ClInclude>
    <ClInclude Include="src\MaterialEvaluator.h">
      <Filter>Core</Filter>
    </ClInclude>
    <ClInclude Include="src\NativePlatform.h">
      <Filter>Core\Platforms</Filter>
    </ClInclude>
    <ClInclude Include="src\RetainedRenderer.h">
      <Filter>Rendering</Filter>
    </ClInclude>
    <ClInclude Include="src\RenderQueue.h" />
  </ItemGroup>
  <ItemGroup>
    <ClCompile Include="inc\miniz.c">
      <Filter>Libraries</Filter>
    </ClCompile>
    <ClCompile Include="inc\ofbx.cpp">
      <Filter>Libraries</Filter>
    </ClCompile>
    <ClCompile Include="src\WindowWin32.cpp">
      <Filter>Core\Platforms\Windows</Filter>
    </ClCompile>
    <ClCompile Include="inc\SimpleMath.cpp">
      <Filter>Libraries</Filter>
    </ClCompile>
    <ClCompile Include="src\GraphicsDeviceVulkan.cpp">
      <Filter>Core\Platforms\Vulkan</Filter>
    </ClCompile>
    <ClCompile Include="src\VulkanShader.cpp">
      <Filter>Core\Platforms\Vulkan</Filter>
    </ClCompile>
    <ClCompile Include="src\Core.cpp">
      <Filter>Core</Filter>
    </ClCompile>
    <ClCompile Include="src\FBXImport.cpp">
      <Filter>Utilities</Filter>
    </ClCompile>
    <ClCompile Include="src\InputDispatcher.cpp">
      <Filter>Input</Filter>
    </ClCompile>
    <ClCompile Include="src\MathTypes.cpp">
      <Filter>Core</Filter>
    </ClCompile>
    <ClCompile Include="src\Resources.cpp">
      <Filter>Resources</Filter>
    </ClCompile>
    <ClCompile Include="src\Texture.cpp">
      <Filter>Resources</Filter>
    </ClCompile>
    <ClCompile Include="src\Material.cpp">
      <Filter>Core</Filter>
    </ClCompile>
    <ClCompile Include="src\ResourceLoader.cpp">
      <Filter>Resources</Filter>
    </ClCompile>
    <ClCompile Include="src\D3DGraphicsDevice.cpp">
      <Filter>Core\Platforms\Windows\D3D12</Filter>
    </ClCompile>
    <ClCompile Include="src\GraphicsDeviceD3D12.cpp">
      <Filter>Core\Platforms\Windows\D3D12</Filter>
    </ClCompile>
    <ClCompile Include="src\D3DResourceCache.cpp">
      <Filter>Core\Platforms\Windows\D3D12</Filter>
    </ClCompile>
    <ClCompile Include="src\GraphicsBuffer.cpp">
      <Filter>Core</Filter>
    </ClCompile>
    <ClCompile Include="src\NativePlatform.cpp">
      <Filter>Core\Platforms</Filter>
    </ClCompile>
    <ClCompile Include="src\RetainedRenderer.cpp">
      <Filter>Rendering</Filter>
    </ClCompile>
    <ClCompile Include="src\RenderQueue.cpp" />
    <ClCompile Include="src\GraphicsDeviceBase.cpp" />
  </ItemGroup>
  <ItemGroup>
    <None Include="inc\SimpleMath.inl">
      <Filter>Libraries</Filter>
    </None>
  </ItemGroup>
  <ItemGroup>
    <Natvis Include="debug\GameEngine23.natvis" />
  </ItemGroup>
</Project>