
Microsoft Visual Studio Solution File, Format Version 12.00
# Visual Studio Version 17
VisualStudioVersion = 17.6.33815.320
MinimumVisualStudioVersion = 10.0.40219.1
Project("{8BC9CEB8-8B4A-11D0-8D11-00A0C91BC942}") = "GameEngine23", "GameEngine23\GameEngine23.vcxproj", "{B4D584EC-2464-4735-9639-6253FF3C1B69}"
	ProjectSection(ProjectDependencies) = postProject
		{78B079BD-9FC7-4B9E-B4A6-96DA0F00248B} = {78B079BD-9FC7-4B9E-B4A6-96DA0F00248B}
	EndProjectSection
EndProject
Project("{8BC9CEB8-8B4A-11D0-8D11-00A0C91BC942}") = "IMGUI", "IMGUI\IMGUI.vcxproj", "{AA71702B-7322-4F9C-B0F4-A03AFDCDD48A}"
EndProject
Project("{8BC9CEB8-8B4A-11D0-8D11-00A0C91BC942}") = "freetype", "GameEngine23\externals\freetype\builds\windows\vc2010\freetype.vcxproj", "{78B079BD-9FC7-4B9E-B4A6-96DA0F00248B}"
EndProject
Project("{2150E333-8FDC-42A3-9474-1A3956D46DE8}") = "Externals", "Externals", "{0E4E5B6C-6C01-44E4-B0D3-86A0490183D7}"
EndProject
Project("{9A19103F-16F7-4668-BE54-9A1E7A4F7556}") = "WeesalsEngine", "CSTestProject\WeesalsEngine.csproj", "{600FA14F-1C70-4D07-81BD-8FE1FEB22525}"
	ProjectSection(ProjectDependencies) = postProject
		{C65D787C-9B8E-48E7-A442-5B694CCDCACC} = {C65D787C-9B8E-48E7-A442-5B694CCDCACC}
	EndProjectSection
EndProject
Project("{8BC9CEB8-8B4A-11D0-8D11-00A0C91BC942}") = "CSBindings", "CSBindings\CSBindings.vcxproj", "{C65D787C-9B8E-48E7-A442-5B694CCDCACC}"
EndProject
Project("{9A19103F-16F7-4668-BE54-9A1E7A4F7556}") = "Weesals.ECS", "Weesals.ECS\Weesals.ECS.csproj", "{42106C8D-1387-4565-9BB6-C2D0358BCCC1}"
EndProject
Project("{2150E333-8FDC-42A3-9474-1A3956D46DE8}") = "Native", "Native", "{92EE59D2-E8EA-44E9-A363-D9E589CF547D}"
EndProject
Project("{9A19103F-16F7-4668-BE54-9A1E7A4F7556}") = "Game5", "Game5\Game5.csproj", "{62A33B22-C131-45F1-AB2D-D5A96D7F122C}"
	ProjectSection(ProjectDependencies) = postProject
		{B4D584EC-2464-4735-9639-6253FF3C1B69} = {B4D584EC-2464-4735-9639-6253FF3C1B69}
		{C65D787C-9B8E-48E7-A442-5B694CCDCACC} = {C65D787C-9B8E-48E7-A442-5B694CCDCACC}
	EndProjectSection
EndProject
Project("{2150E333-8FDC-42A3-9474-1A3956D46DE8}") = "Engine", "Engine", "{52FD3FA5-F397-463E-9010-923CF1B1991A}"
EndProject
Global
	GlobalSection(SolutionConfigurationPlatforms) = preSolution
		Debug Static|Any CPU = Debug Static|Any CPU
		Debug Static|x64 = Debug Static|x64
		Debug Static|x86 = Debug Static|x86
		Debug|Any CPU = Debug|Any CPU
		Debug|x64 = Debug|x64
		Debug|x86 = Debug|x86
		Release Static|Any CPU = Release Static|Any CPU
		Release Static|x64 = Release Static|x64
		Release Static|x86 = Release Static|x86
		Release|Any CPU = Release|Any CPU
		Release|x64 = Release|x64
		Release|x86 = Release|x86
	EndGlobalSection
	GlobalSection(ProjectConfigurationPlatforms) = postSolution
		{B4D584EC-2464-4735-9639-6253FF3C1B69}.Debug Static|Any CPU.ActiveCfg = Debug|x64
		{B4D584EC-2464-4735-9639-6253FF3C1B69}.Debug Static|Any CPU.Build.0 = Debug|x64
		{B4D584EC-2464-4735-9639-6253FF3C1B69}.Debug Static|x64.ActiveCfg = Debug|x64
		{B4D584EC-2464-4735-9639-6253FF3C1B69}.Debug Static|x64.Build.0 = Debug|x64
		{B4D584EC-2464-4735-9639-6253FF3C1B69}.Debug Static|x86.ActiveCfg = Debug|Win32
		{B4D584EC-2464-4735-9639-6253FF3C1B69}.Debug Static|x86.Build.0 = Debug|Win32
		{B4D584EC-2464-4735-9639-6253FF3C1B69}.Debug|Any CPU.ActiveCfg = Debug|x64
		{B4D584EC-2464-4735-9639-6253FF3C1B69}.Debug|Any CPU.Build.0 = Debug|x64
		{B4D584EC-2464-4735-9639-6253FF3C1B69}.Debug|x64.ActiveCfg = Debug|x64
		{B4D584EC-2464-4735-9639-6253FF3C1B69}.Debug|x64.Build.0 = Debug|x64
		{B4D584EC-2464-4735-9639-6253FF3C1B69}.Debug|x86.ActiveCfg = Debug|Win32
		{B4D584EC-2464-4735-9639-6253FF3C1B69}.Debug|x86.Build.0 = Debug|Win32
		{B4D584EC-2464-4735-9639-6253FF3C1B69}.Release Static|Any CPU.ActiveCfg = Release|x64
		{B4D584EC-2464-4735-9639-6253FF3C1B69}.Release Static|Any CPU.Build.0 = Release|x64
		{B4D584EC-2464-4735-9639-6253FF3C1B69}.Release Static|x64.ActiveCfg = Release|x64
		{B4D584EC-2464-4735-9639-6253FF3C1B69}.Release Static|x64.Build.0 = Release|x64
		{B4D584EC-2464-4735-9639-6253FF3C1B69}.Release Static|x86.ActiveCfg = Release|Win32
		{B4D584EC-2464-4735-9639-6253FF3C1B69}.Release Static|x86.Build.0 = Release|Win32
		{B4D584EC-2464-4735-9639-6253FF3C1B69}.Release|Any CPU.ActiveCfg = Release|x64
		{B4D584EC-2464-4735-9639-6253FF3C1B69}.Release|Any CPU.Build.0 = Release|x64
		{B4D584EC-2464-4735-9639-6253FF3C1B69}.Release|x64.ActiveCfg = Release|x64
		{B4D584EC-2464-4735-9639-6253FF3C1B69}.Release|x64.Build.0 = Release|x64
		{B4D584EC-2464-4735-9639-6253FF3C1B69}.Release|x86.ActiveCfg = Release|Win32
		{B4D584EC-2464-4735-9639-6253FF3C1B69}.Release|x86.Build.0 = Release|Win32
		{AA71702B-7322-4F9C-B0F4-A03AFDCDD48A}.Debug Static|Any CPU.ActiveCfg = Debug|x64
		{AA71702B-7322-4F9C-B0F4-A03AFDCDD48A}.Debug Static|Any CPU.Build.0 = Debug|x64
		{AA71702B-7322-4F9C-B0F4-A03AFDCDD48A}.Debug Static|x64.ActiveCfg = Debug|x64
		{AA71702B-7322-4F9C-B0F4-A03AFDCDD48A}.Debug Static|x64.Build.0 = Debug|x64
		{AA71702B-7322-4F9C-B0F4-A03AFDCDD48A}.Debug Static|x86.ActiveCfg = Debug|Win32
		{AA71702B-7322-4F9C-B0F4-A03AFDCDD48A}.Debug Static|x86.Build.0 = Debug|Win32
		{AA71702B-7322-4F9C-B0F4-A03AFDCDD48A}.Debug|Any CPU.ActiveCfg = Debug|x64
		{AA71702B-7322-4F9C-B0F4-A03AFDCDD48A}.Debug|Any CPU.Build.0 = Debug|x64
		{AA71702B-7322-4F9C-B0F4-A03AFDCDD48A}.Debug|x64.ActiveCfg = Debug|x64
		{AA71702B-7322-4F9C-B0F4-A03AFDCDD48A}.Debug|x64.Build.0 = Debug|x64
		{AA71702B-7322-4F9C-B0F4-A03AFDCDD48A}.Debug|x86.ActiveCfg = Debug|Win32
		{AA71702B-7322-4F9C-B0F4-A03AFDCDD48A}.Debug|x86.Build.0 = Debug|Win32
		{AA71702B-7322-4F9C-B0F4-A03AFDCDD48A}.Release Static|Any CPU.ActiveCfg = Release|x64
		{AA71702B-7322-4F9C-B0F4-A03AFDCDD48A}.Release Static|Any CPU.Build.0 = Release|x64
		{AA71702B-7322-4F9C-B0F4-A03AFDCDD48A}.Release Static|x64.ActiveCfg = Release|x64
		{AA71702B-7322-4F9C-B0F4-A03AFDCDD48A}.Release Static|x64.Build.0 = Release|x64
		{AA71702B-7322-4F9C-B0F4-A03AFDCDD48A}.Release Static|x86.ActiveCfg = Release|Win32
		{AA71702B-7322-4F9C-B0F4-A03AFDCDD48A}.Release Static|x86.Build.0 = Release|Win32
		{AA71702B-7322-4F9C-B0F4-A03AFDCDD48A}.Release|Any CPU.ActiveCfg = Release|x64
		{AA71702B-7322-4F9C-B0F4-A03AFDCDD48A}.Release|Any CPU.Build.0 = Release|x64
		{AA71702B-7322-4F9C-B0F4-A03AFDCDD48A}.Release|x64.ActiveCfg = Release|x64
		{AA71702B-7322-4F9C-B0F4-A03AFDCDD48A}.Release|x64.Build.0 = Release|x64
		{AA71702B-7322-4F9C-B0F4-A03AFDCDD48A}.Release|x86.ActiveCfg = Release|Win32
		{AA71702B-7322-4F9C-B0F4-A03AFDCDD48A}.Release|x86.Build.0 = Release|Win32
		{78B079BD-9FC7-4B9E-B4A6-96DA0F00248B}.Debug Static|Any CPU.ActiveCfg = Debug Static|x64
		{78B079BD-9FC7-4B9E-B4A6-96DA0F00248B}.Debug Static|Any CPU.Build.0 = Debug Static|x64
		{78B079BD-9FC7-4B9E-B4A6-96DA0F00248B}.Debug Static|x64.ActiveCfg = Debug Static|x64
		{78B079BD-9FC7-4B9E-B4A6-96DA0F00248B}.Debug Static|x64.Build.0 = Debug Static|x64
		{78B079BD-9FC7-4B9E-B4A6-96DA0F00248B}.Debug Static|x86.ActiveCfg = Debug Static|Win32
		{78B079BD-9FC7-4B9E-B4A6-96DA0F00248B}.Debug Static|x86.Build.0 = Debug Static|Win32
		{78B079BD-9FC7-4B9E-B4A6-96DA0F00248B}.Debug|Any CPU.ActiveCfg = Debug|x64
		{78B079BD-9FC7-4B9E-B4A6-96DA0F00248B}.Debug|Any CPU.Build.0 = Debug|x64
		{78B079BD-9FC7-4B9E-B4A6-96DA0F00248B}.Debug|x64.ActiveCfg = Debug Static|x64
		{78B079BD-9FC7-4B9E-B4A6-96DA0F00248B}.Debug|x64.Build.0 = Debug Static|x64
		{78B079BD-9FC7-4B9E-B4A6-96DA0F00248B}.Debug|x86.ActiveCfg = Debug|Win32
		{78B079BD-9FC7-4B9E-B4A6-96DA0F00248B}.Debug|x86.Build.0 = Debug|Win32
		{78B079BD-9FC7-4B9E-B4A6-96DA0F00248B}.Release Static|Any CPU.ActiveCfg = Release Static|x64
		{78B079BD-9FC7-4B9E-B4A6-96DA0F00248B}.Release Static|Any CPU.Build.0 = Release Static|x64
		{78B079BD-9FC7-4B9E-B4A6-96DA0F00248B}.Release Static|x64.ActiveCfg = Release Static|x64
		{78B079BD-9FC7-4B9E-B4A6-96DA0F00248B}.Release Static|x64.Build.0 = Release Static|x64
		{78B079BD-9FC7-4B9E-B4A6-96DA0F00248B}.Release Static|x86.ActiveCfg = Release Static|Win32
		{78B079BD-9FC7-4B9E-B4A6-96DA0F00248B}.Release Static|x86.Build.0 = Release Static|Win32
		{78B079BD-9FC7-4B9E-B4A6-96DA0F00248B}.Release|Any CPU.ActiveCfg = Release|x64
		{78B079BD-9FC7-4B9E-B4A6-96DA0F00248B}.Release|Any CPU.Build.0 = Release|x64
		{78B079BD-9FC7-4B9E-B4A6-96DA0F00248B}.Release|x64.ActiveCfg = Release Static|x64
		{78B079BD-9FC7-4B9E-B4A6-96DA0F00248B}.Release|x64.Build.0 = Release Static|x64
		{78B079BD-9FC7-4B9E-B4A6-96DA0F00248B}.Release|x86.ActiveCfg = Release|Win32
		{78B079BD-9FC7-4B9E-B4A6-96DA0F00248B}.Release|x86.Build.0 = Release|Win32
		{600FA14F-1C70-4D07-81BD-8FE1FEB22525}.Debug Static|Any CPU.ActiveCfg = Debug|Any CPU
		{600FA14F-1C70-4D07-81BD-8FE1FEB22525}.Debug Static|Any CPU.Build.0 = Debug|Any CPU
		{600FA14F-1C70-4D07-81BD-8FE1FEB22525}.Debug Static|x64.ActiveCfg = Debug|Any CPU
		{600FA14F-1C70-4D07-81BD-8FE1FEB22525}.Debug Static|x64.Build.0 = Debug|Any CPU
		{600FA14F-1C70-4D07-81BD-8FE1FEB22525}.Debug Static|x86.ActiveCfg = Debug|Any CPU
		{600FA14F-1C70-4D07-81BD-8FE1FEB22525}.Debug Static|x86.Build.0 = Debug|Any CPU
		{600FA14F-1C70-4D07-81BD-8FE1FEB22525}.Debug|Any CPU.ActiveCfg = Debug|Any CPU
		{600FA14F-1C70-4D07-81BD-8FE1FEB22525}.Debug|Any CPU.Build.0 = Debug|Any CPU
		{600FA14F-1C70-4D07-81BD-8FE1FEB22525}.Debug|x64.ActiveCfg = Debug|Any CPU
		{600FA14F-1C70-4D07-81BD-8FE1FEB22525}.Debug|x64.Build.0 = Debug|Any CPU
		{600FA14F-1C70-4D07-81BD-8FE1FEB22525}.Debug|x86.ActiveCfg = Debug|Any CPU
		{600FA14F-1C70-4D07-81BD-8FE1FEB22525}.Debug|x86.Build.0 = Debug|Any CPU
		{600FA14F-1C70-4D07-81BD-8FE1FEB22525}.Release Static|Any CPU.ActiveCfg = Release|Any CPU
		{600FA14F-1C70-4D07-81BD-8FE1FEB22525}.Release Static|Any CPU.Build.0 = Release|Any CPU
		{600FA14F-1C70-4D07-81BD-8FE1FEB22525}.Release Static|x64.ActiveCfg = Release|Any CPU
		{600FA14F-1C70-4D07-81BD-8FE1FEB22525}.Release Static|x64.Build.0 = Release|Any CPU
		{600FA14F-1C70-4D07-81BD-8FE1FEB22525}.Release Static|x86.ActiveCfg = Release|Any CPU
		{600FA14F-1C70-4D07-81BD-8FE1FEB22525}.Release Static|x86.Build.0 = Release|Any CPU
		{600FA14F-1C70-4D07-81BD-8FE1FEB22525}.Release|Any CPU.ActiveCfg = Release|Any CPU
		{600FA14F-1C70-4D07-81BD-8FE1FEB22525}.Release|Any CPU.Build.0 = Release|Any CPU
		{600FA14F-1C70-4D07-81BD-8FE1FEB22525}.Release|x64.ActiveCfg = Release|Any CPU
		{600FA14F-1C70-4D07-81BD-8FE1FEB22525}.Release|x64.Build.0 = Release|Any CPU
		{600FA14F-1C70-4D07-81BD-8FE1FEB22525}.Release|x86.ActiveCfg = Release|Any CPU
		{600FA14F-1C70-4D07-81BD-8FE1FEB22525}.Release|x86.Build.0 = Release|Any CPU
		{C65D787C-9B8E-48E7-A442-5B694CCDCACC}.Debug Static|Any CPU.ActiveCfg = Debug|x64
		{C65D787C-9B8E-48E7-A442-5B694CCDCACC}.Debug Static|Any CPU.Build.0 = Debug|x64
		{C65D787C-9B8E-48E7-A442-5B694CCDCACC}.Debug Static|x64.ActiveCfg = Debug|x64
		{C65D787C-9B8E-48E7-A442-5B694CCDCACC}.Debug Static|x64.Build.0 = Debug|x64
		{C65D787C-9B8E-48E7-A442-5B694CCDCACC}.Debug Static|x86.ActiveCfg = Debug|Win32
		{C65D787C-9B8E-48E7-A442-5B694CCDCACC}.Debug Static|x86.Build.0 = Debug|Win32
		{C65D787C-9B8E-48E7-A442-5B694CCDCACC}.Debug|Any CPU.ActiveCfg = Debug|x64
		{C65D787C-9B8E-48E7-A442-5B694CCDCACC}.Debug|Any CPU.Build.0 = Debug|x64
		{C65D787C-9B8E-48E7-A442-5B694CCDCACC}.Debug|x64.ActiveCfg = Debug|x64
		{C65D787C-9B8E-48E7-A442-5B694CCDCACC}.Debug|x64.Build.0 = Debug|x64
		{C65D787C-9B8E-48E7-A442-5B694CCDCACC}.Debug|x86.ActiveCfg = Debug|Win32
		{C65D787C-9B8E-48E7-A442-5B694CCDCACC}.Debug|x86.Build.0 = Debug|Win32
		{C65D787C-9B8E-48E7-A442-5B694CCDCACC}.Release Static|Any CPU.ActiveCfg = Release|x64
		{C65D787C-9B8E-48E7-A442-5B694CCDCACC}.Release Static|Any CPU.Build.0 = Release|x64
		{C65D787C-9B8E-48E7-A442-5B694CCDCACC}.Release Static|x64.ActiveCfg = Release|x64
		{C65D787C-9B8E-48E7-A442-5B694CCDCACC}.Release Static|x64.Build.0 = Release|x64
		{C65D787C-9B8E-48E7-A442-5B694CCDCACC}.Release Static|x86.ActiveCfg = Release|Win32
		{C65D787C-9B8E-48E7-A442-5B694CCDCACC}.Release Static|x86.Build.0 = Release|Win32
		{C65D787C-9B8E-48E7-A442-5B694CCDCACC}.Release|Any CPU.ActiveCfg = Release|x64
		{C65D787C-9B8E-48E7-A442-5B694CCDCACC}.Release|Any CPU.Build.0 = Release|x64
		{C65D787C-9B8E-48E7-A442-5B694CCDCACC}.Release|x64.ActiveCfg = Release|x64
		{C65D787C-9B8E-48E7-A442-5B694CCDCACC}.Release|x64.Build.0 = Release|x64
		{C65D787C-9B8E-48E7-A442-5B694CCDCACC}.Release|x86.ActiveCfg = Release|Win32
		{C65D787C-9B8E-48E7-A442-5B694CCDCACC}.Release|x86.Build.0 = Release|Win32
		{42106C8D-1387-4565-9BB6-C2D0358BCCC1}.Debug Static|Any CPU.ActiveCfg = Debug|Any CPU
		{42106C8D-1387-4565-9BB6-C2D0358BCCC1}.Debug Static|Any CPU.Build.0 = Debug|Any CPU
		{42106C8D-1387-4565-9BB6-C2D0358BCCC1}.Debug Static|x64.ActiveCfg = Debug|Any CPU
		{42106C8D-1387-4565-9BB6-C2D0358BCCC1}.Debug Static|x64.Build.0 = Debug|Any CPU
		{42106C8D-1387-4565-9BB6-C2D0358BCCC1}.Debug Static|x86.ActiveCfg = Debug|Any CPU
		{42106C8D-1387-4565-9BB6-C2D0358BCCC1}.Debug Static|x86.Build.0 = Debug|Any CPU
		{42106C8D-1387-4565-9BB6-C2D0358BCCC1}.Debug|Any CPU.ActiveCfg = Debug|Any CPU
		{42106C8D-1387-4565-9BB6-C2D0358BCCC1}.Debug|Any CPU.Build.0 = Debug|Any CPU
		{42106C8D-1387-4565-9BB6-C2D0358BCCC1}.Debug|x64.ActiveCfg = Debug|Any CPU
		{42106C8D-1387-4565-9BB6-C2D0358BCCC1}.Debug|x64.Build.0 = Debug|Any CPU
		{42106C8D-1387-4565-9BB6-C2D0358BCCC1}.Debug|x86.ActiveCfg = Debug|Any CPU
		{42106C8D-1387-4565-9BB6-C2D0358BCCC1}.Debug|x86.Build.0 = Debug|Any CPU
		{42106C8D-1387-4565-9BB6-C2D0358BCCC1}.Release Static|Any CPU.ActiveCfg = Release|Any CPU
		{42106C8D-1387-4565-9BB6-C2D0358BCCC1}.Release Static|Any CPU.Build.0 = Release|Any CPU
		{42106C8D-1387-4565-9BB6-C2D0358BCCC1}.Release Static|x64.ActiveCfg = Release|Any CPU
		{42106C8D-1387-4565-9BB6-C2D0358BCCC1}.Release Static|x64.Build.0 = Release|Any CPU
		{42106C8D-1387-4565-9BB6-C2D0358BCCC1}.Release Static|x86.ActiveCfg = Release|Any CPU
		{42106C8D-1387-4565-9BB6-C2D0358BCCC1}.Release Static|x86.Build.0 = Release|Any CPU
		{42106C8D-1387-4565-9BB6-C2D0358BCCC1}.Release|Any CPU.ActiveCfg = Release|Any CPU
		{42106C8D-1387-4565-9BB6-C2D0358BCCC1}.Release|Any CPU.Build.0 = Release|Any CPU
		{42106C8D-1387-4565-9BB6-C2D0358BCCC1}.Release|x64.ActiveCfg = Release|Any CPU
		{42106C8D-1387-4565-9BB6-C2D0358BCCC1}.Release|x64.Build.0 = Release|Any CPU
		{42106C8D-1387-4565-9BB6-C2D0358BCCC1}.Release|x86.ActiveCfg = Release|Any CPU
		{42106C8D-1387-4565-9BB6-C2D0358BCCC1}.Release|x86.Build.0 = Release|Any CPU
		{62A33B22-C131-45F1-AB2D-D5A96D7F122C}.Debug Static|Any CPU.ActiveCfg = Debug|Any CPU
		{62A33B22-C131-45F1-AB2D-D5A96D7F122C}.Debug Static|Any CPU.Build.0 = Debug|Any CPU
		{62A33B22-C131-45F1-AB2D-D5A96D7F122C}.Debug Static|x64.ActiveCfg = Debug|Any CPU
		{62A33B22-C131-45F1-AB2D-D5A96D7F122C}.Debug Static|x64.Build.0 = Debug|Any CPU
		{62A33B22-C131-45F1-AB2D-D5A96D7F122C}.Debug Static|x86.ActiveCfg = Debug|Any CPU
		{62A33B22-C131-45F1-AB2D-D5A96D7F122C}.Debug Static|x86.Build.0 = Debug|Any CPU
		{62A33B22-C131-45F1-AB2D-D5A96D7F122C}.Debug|Any CPU.ActiveCfg = Debug|Any CPU
		{62A33B22-C131-45F1-AB2D-D5A96D7F122C}.Debug|Any CPU.Build.0 = Debug|Any CPU
		{62A33B22-C131-45F1-AB2D-D5A96D7F122C}.Debug|x64.ActiveCfg = Debug|Any CPU
		{62A33B22-C131-45F1-AB2D-D5A96D7F122C}.Debug|x64.Build.0 = Debug|Any CPU
		{62A33B22-C131-45F1-AB2D-D5A96D7F122C}.Debug|x86.ActiveCfg = Debug|Any CPU
		{62A33B22-C131-45F1-AB2D-D5A96D7F122C}.Debug|x86.Build.0 = Debug|Any CPU
		{62A33B22-C131-45F1-AB2D-D5A96D7F122C}.Release Static|Any CPU.ActiveCfg = Release|Any CPU
		{62A33B22-C131-45F1-AB2D-D5A96D7F122C}.Release Static|Any CPU.Build.0 = Release|Any CPU
		{62A33B22-C131-45F1-AB2D-D5A96D7F122C}.Release Static|x64.ActiveCfg = Release|Any CPU
		{62A33B22-C131-45F1-AB2D-D5A96D7F122C}.Release Static|x64.Build.0 = Release|Any CPU
		{62A33B22-C131-45F1-AB2D-D5A96D7F122C}.Release Static|x86.ActiveCfg = Release|Any CPU
		{62A33B22-C131-45F1-AB2D-D5A96D7F122C}.Release Static|x86.Build.0 = Release|Any CPU
		{62A33B22-C131-45F1-AB2D-D5A96D7F122C}.Release|Any CPU.ActiveCfg = Release|Any CPU
		{62A33B22-C131-45F1-AB2D-D5A96D7F122C}.Release|Any CPU.Build.0 = Release|Any CPU
		{62A33B22-C131-45F1-AB2D-D5A96D7F122C}.Release|x64.ActiveCfg = Release|Any CPU
		{62A33B22-C131-45F1-AB2D-D5A96D7F122C}.Release|x64.Build.0 = Release|Any CPU
		{62A33B22-C131-45F1-AB2D-D5A96D7F122C}.Release|x86.ActiveCfg = Release|Any CPU
		{62A33B22-C131-45F1-AB2D-D5A96D7F122C}.Release|x86.Build.0 = Release|Any CPU
	EndGlobalSection
	GlobalSection(SolutionProperties) = preSolution
		HideSolutionNode = FALSE
	EndGlobalSection
	GlobalSection(NestedProjects) = preSolution
		{B4D584EC-2464-4735-9639-6253FF3C1B69} = {92EE59D2-E8EA-44E9-A363-D9E589CF547D}
		{AA71702B-7322-4F9C-B0F4-A03AFDCDD48A} = {0E4E5B6C-6C01-44E4-B0D3-86A0490183D7}
		{78B079BD-9FC7-4B9E-B4A6-96DA0F00248B} = {0E4E5B6C-6C01-44E4-B0D3-86A0490183D7}
		{600FA14F-1C70-4D07-81BD-8FE1FEB22525} = {52FD3FA5-F397-463E-9010-923CF1B1991A}
		{C65D787C-9B8E-48E7-A442-5B694CCDCACC} = {92EE59D2-E8EA-44E9-A363-D9E589CF547D}
		{42106C8D-1387-4565-9BB6-C2D0358BCCC1} = {52FD3FA5-F397-463E-9010-923CF1B1991A}
	EndGlobalSection
	GlobalSection(ExtensibilityGlobals) = postSolution
		SolutionGuid = {ED9AC2CC-AC60-4A57-8E1A-F6CF1B08810F}
	EndGlobalSection
EndGlobal
