<?xml version="1.0" encoding="utf-8"?>
<Project ToolsVersion="4.0" xmlns="http://schemas.microsoft.com/developer/msbuild/2003">
  <ItemGroup>
    <Filter Include="Game">
      <UniqueIdentifier>{5ae9e655-fef8-49e4-90be-96388852e2d1}</UniqueIdentifier>
    </Filter>
    <Filter Include="Libraries">
      <UniqueIdentifier>{23027ef5-5605-48a3-a6ff-dbfc6cded845}</UniqueIdentifier>
    </Filter>
    <Filter Include="Content">
      <UniqueIdentifier>{3f8f2400-efa2-408a-8698-6b8091fe12cc}</UniqueIdentifier>
    </Filter>
    <Filter Include="Content\include">
      <UniqueIdentifier>{8435593c-ba42-4329-a178-5772941633e3}</UniqueIdentifier>
    </Filter>
  </ItemGroup>
  <ItemGroup>
    <ClCompile Include="src\Camera.cpp">
      <Filter>Game</Filter>
    </ClCompile>
    <ClCompile Include="src\Landscape.cpp">
      <Filter>Game</Filter>
    </ClCompile>
    <ClCompile Include="src\LandscapeRenderer.cpp">
      <Filter>Game</Filter>
    </ClCompile>
    <ClCompile Include="src\Platform.cpp">
      <Filter>Game</Filter>
    </ClCompile>
    <ClCompile Include="src\Play.cpp">
      <Filter>Game</Filter>
    </ClCompile>
    <ClCompile Include="src\World.cpp">
      <Filter>Game</Filter>
    </ClCompile>
    <ClCompile Include="src\main.cpp" />
    <ClCompile Include="inc\flecs.c">
      <Filter>Libraries</Filter>
    </ClCompile>
  </ItemGroup>
  <ItemGroup>
    <ClInclude Include="src\Camera.h">
      <Filter>Game</Filter>
    </ClInclude>
    <ClInclude Include="src\Landscape.h">
      <Filter>Game</Filter>
    </ClInclude>
    <ClInclude Include="src\LandscapeRenderer.h">
      <Filter>Game</Filter>
    </ClInclude>
    <ClInclude Include="src\Platform.h">
      <Filter>Game</Filter>
    </ClInclude>
    <ClInclude Include="src\Play.h">
      <Filter>Game</Filter>
    </ClInclude>
    <ClInclude Include="src\World.h">
      <Filter>Game</Filter>
    </ClInclude>
    <ClInclude Include="inc\flecs.h">
      <Filter>Libraries</Filter>
    </ClInclude>
  </ItemGroup>
  <ItemGroup>
    <FxCompile Include="res\landscape.hlsl">
      <Filter>Content</Filter>
    </FxCompile>
    <FxCompile Include="res\lit.hlsl">
      <Filter>Content</Filter>
    </FxCompile>
    <FxCompile Include="res\null.hlsl">
      <Filter>Content</Filter>
    </FxCompile>
    <FxCompile Include="res\skybox.hlsl">
      <Filter>Content</Filter>
    </FxCompile>
    <FxCompile Include="res\include\noise.hlsl">
      <Filter>Content\include</Filter>
    </FxCompile>
    <FxCompile Include="res\include\lighting.hlsl">
      <Filter>Content\include</Filter>
    </FxCompile>
  </ItemGroup>
  <ItemGroup>
    <None Include="res\test.fbx">
      <Filter>Content</Filter>
    </None>
  </ItemGroup>
</Project>